github.com/deepteams/webp v1.2.7 h1:Oj3iXbZ0U4siY1KHFTF5T21uysZkmor8pT4E38mNK2o=
github.com/deepteams/webp v1.2.7/go.mod h1:J8Ap+HAixxpKKRN9IpEeSKlfvhsef1v43jKTO7m3f4c=
golang.org/x/image v0.46.0 h1:b1+oYj0Jbp6K5MDT4i4/eZpYlk3V8SJhhDKh6LBHAyQ=
golang.org/x/image v0.46.0/go.mod h1:3B3W05VGVQyuXucLINLjXKrqISASfi4Xj+iCVkLMwew=
